Microsoft Visual Studio Solution File, Format Version 12.00
# Visual Studio Version 17
VisualStudioVersion = 17.5.2.0
MinimumVisualStudioVersion = 10.0.40219.1
Project("{FAE04EC0-301F-11D3-BF4B-00C04F79EFBC}") = "StockCountBack", "StockCountBack\StockCountBack.csproj", "{509516DF-6CB9-65B9-1029-3DB9B68DE22D}"
EndProject
Global
	GlobalSection(SolutionConfigurationPlatforms) = preSolution
		Debug|Any CPU = Debug|Any CPU
		Release|Any CPU = Release|Any CPU
	EndGlobalSection
	GlobalSection(ProjectConfigurationPlatforms) = postSolution
		{509516DF-6CB9-65B9-1029-3DB9B68DE22D}.Debug|Any CPU.ActiveCfg = Debug|Any CPU
		{509516DF-6CB9-65B9-1029-3DB9B68DE22D}.Debug|Any CPU.Build.0 = Debug|Any CPU
		{509516DF-6CB9-65B9-1029-3DB9B68DE22D}.Release|Any CPU.ActiveCfg = Release|Any CPU
		{509516DF-6CB9-65B9-1029-3DB9B68DE22D}.Release|Any CPU.Build.0 = Release|Any CPU
	EndGlobalSection
	GlobalSection(SolutionProperties) = preSolution
		HideSolutionNode = FALSE
	EndGlobalSection
	GlobalSection(ExtensibilityGlobals) = postSolution
		SolutionGuid = {27DC2895-FE53-45F7-932F-E61D7930635F}
	EndGlobalSection
EndGlobal
